<Solution>
  <Project Path="AsmDefInteraction.csproj" />
  <Project Path="AsmDefTasks.csproj" />
  <Project Path="Fusion.Unity.csproj" />
  <Project Path="AsmDefNetwork.csproj" />
  <Project Path="Unity.XR.Interaction.Toolkit.Samples.StarterAssets.csproj" />
  <Project Path="AsmDefCore.csproj" />
  <Project Path="Assembly-CSharp.csproj" />
  <Project Path="AsmDefAnimation.csproj" />
  <Project Path="Fusion.Unity.Editor.csproj" />
  <Project Path="Unity.Fusion.CodeGen.csproj" />
  <Project Path="Assembly-CSharp-Editor.csproj" />
</Solution>
